
Microsoft Visual Studio Solution File, Format Version 12.00
# Visual Studio Version 17
VisualStudioVersion = 17.0.31903.59
MinimumVisualStudioVersion = 10.0.40219.1
Project("{2150E333-8FDC-42A3-9474-1A3956D46DE8}") = "src", "src", "{EBFE31CD-C8EE-411D-9E2D-0DF8EBCEB332}"
EndProject
Project("{9A19103F-16F7-4668-BE54-9A1E7A4F7556}") = "MyLambdaFunction", "src\MyLambdaFunction\MyLambdaFunction.csproj", "{FD878CB8-B937-41AD-A850-B34EE5135798}"
EndProject
Project("{2150E333-8FDC-42A3-9474-1A3956D46DE8}") = "test", "test", "{483A26E5-5E68-4078-8B9F-642F46A441D6}"
EndProject
Project("{9A19103F-16F7-4668-BE54-9A1E7A4F7556}") = "MyLambdaFunction.Tests", "test\MyLambdaFunction.Tests\MyLambdaFunction.Tests.csproj", "{09AEACBB-57A8-4695-9B5F-9FD231E3A36A}"
EndProject
Project("{2150E333-8FDC-42A3-9474-1A3956D46DE8}") = "Itens de Solução", "Itens de Solução", "{64E26D36-CDF7-44F7-97F3-C8B1774C3BC7}"
	ProjectSection(SolutionItems) = preProject
		template.yml = template.yml
	EndProjectSection
EndProject
Global
	GlobalSection(SolutionConfigurationPlatforms) = preSolution
		Debug|Any CPU = Debug|Any CPU
		Release|Any CPU = Release|Any CPU
	EndGlobalSection
	GlobalSection(ProjectConfigurationPlatforms) = postSolution
		{FD878CB8-B937-41AD-A850-B34EE5135798}.Debug|Any CPU.ActiveCfg = Debug|Any CPU
		{FD878CB8-B937-41AD-A850-B34EE5135798}.Debug|Any CPU.Build.0 = Debug|Any CPU
		{FD878CB8-B937-41AD-A850-B34EE5135798}.Release|Any CPU.ActiveCfg = Release|Any CPU
		{FD878CB8-B937-41AD-A850-B34EE5135798}.Release|Any CPU.Build.0 = Release|Any CPU
		{09AEACBB-57A8-4695-9B5F-9FD231E3A36A}.Debug|Any CPU.ActiveCfg = Debug|Any CPU
		{09AEACBB-57A8-4695-9B5F-9FD231E3A36A}.Debug|Any CPU.Build.0 = Debug|Any CPU
		{09AEACBB-57A8-4695-9B5F-9FD231E3A36A}.Release|Any CPU.ActiveCfg = Release|Any CPU
		{09AEACBB-57A8-4695-9B5F-9FD231E3A36A}.Release|Any CPU.Build.0 = Release|Any CPU
	EndGlobalSection
	GlobalSection(SolutionProperties) = preSolution
		HideSolutionNode = FALSE
	EndGlobalSection
	GlobalSection(NestedProjects) = preSolution
		{FD878CB8-B937-41AD-A850-B34EE5135798} = {EBFE31CD-C8EE-411D-9E2D-0DF8EBCEB332}
		{09AEACBB-57A8-4695-9B5F-9FD231E3A36A} = {483A26E5-5E68-4078-8B9F-642F46A441D6}
	EndGlobalSection
	GlobalSection(ExtensibilityGlobals) = postSolution
		SolutionGuid = {D1E5184A-B51E-4F48-B73E-EBDD4FC9BCCE}
	EndGlobalSection
EndGlobal
